
Microsoft Visual Studio Solution File, Format Version 12.00
# Visual Studio Version 17
VisualStudioVersion = 17.0.31903.59
MinimumVisualStudioVersion = 10.0.40219.1
Project("{2150E333-8FDC-42A3-9474-1A3956D46DE8}") = "src", "src", "{827E0CD3-B72D-47B6-A68D-7590B98EB39B}"
EndProject
Project("{FAE04EC0-301F-11D3-BF4B-00C04F79EFBC}") = "SharedKernel", "src\SharedKernel\SharedKernel.csproj", "{DA2DFC94-7A18-460C-B78C-72776A73BB68}"
EndProject
Project("{FAE04EC0-301F-11D3-BF4B-00C04F79EFBC}") = "BuildingBlocks", "src\BuildingBlocks\BuildingBlocks.csproj", "{78EA53A9-3E57-482E-B6C1-F1FF2972202D}"
EndProject
Project("{FAE04EC0-301F-11D3-BF4B-00C04F79EFBC}") = "Api", "src\Api\Api.csproj", "{1A0D56A9-AB21-40E5-BBB0-4BAD964AC346}"
EndProject
Project("{2150E333-8FDC-42A3-9474-1A3956D46DE8}") = "Modules", "Modules", "{EC447DCF-ABFA-6E24-52A5-D7FD48A5C558}"
EndProject
Project("{2150E333-8FDC-42A3-9474-1A3956D46DE8}") = "User", "User", "{A8ADC900-46D5-EF7A-14D7-87DF405217BF}"
EndProject
Project("{2150E333-8FDC-42A3-9474-1A3956D46DE8}") = "Domain", "Domain", "{B114EAA2-7425-11FD-D1B8-3C745FCB44BC}"
EndProject
Project("{FAE04EC0-301F-11D3-BF4B-00C04F79EFBC}") = "User.Application", "src\Modules\User\Application\User.Application.csproj", "{6720237F-8CCD-4867-94D7-4CCF024CED0C}"
EndProject
Project("{FAE04EC0-301F-11D3-BF4B-00C04F79EFBC}") = "User.Infrastructure", "src\Modules\User\Infrastructure\User.Infrastructure.csproj", "{89B4D1D6-F485-486A-A33C-887F7D62E729}"
EndProject
Project("{FAE04EC0-301F-11D3-BF4B-00C04F79EFBC}") = "User.Api", "src\Modules\User\Api\User.Api.csproj", "{6FB2B0E8-C014-4292-8F91-2E5813C08FCD}"
EndProject
Project("{FAE04EC0-301F-11D3-BF4B-00C04F79EFBC}") = "User.Domain", "src\Modules\User\Domain\User.Domain.csproj", "{B6421A4E-748C-497D-BE3F-1634736D2755}"
EndProject
Global
	GlobalSection(SolutionConfigurationPlatforms) = preSolution
		Debug|Any CPU = Debug|Any CPU
		Debug|x64 = Debug|x64
		Debug|x86 = Debug|x86
		Release|Any CPU = Release|Any CPU
		Release|x64 = Release|x64
		Release|x86 = Release|x86
	EndGlobalSection
	GlobalSection(ProjectConfigurationPlatforms) = postSolution
		{DA2DFC94-7A18-460C-B78C-72776A73BB68}.Debug|Any CPU.ActiveCfg = Debug|Any CPU
		{DA2DFC94-7A18-460C-B78C-72776A73BB68}.Debug|Any CPU.Build.0 = Debug|Any CPU
		{DA2DFC94-7A18-460C-B78C-72776A73BB68}.Debug|x64.ActiveCfg = Debug|Any CPU
		{DA2DFC94-7A18-460C-B78C-72776A73BB68}.Debug|x64.Build.0 = Debug|Any CPU
		{DA2DFC94-7A18-460C-B78C-72776A73BB68}.Debug|x86.ActiveCfg = Debug|Any CPU
		{DA2DFC94-7A18-460C-B78C-72776A73BB68}.Debug|x86.Build.0 = Debug|Any CPU
		{DA2DFC94-7A18-460C-B78C-72776A73BB68}.Release|Any CPU.ActiveCfg = Release|Any CPU
		{DA2DFC94-7A18-460C-B78C-72776A73BB68}.Release|Any CPU.Build.0 = Release|Any CPU
		{DA2DFC94-7A18-460C-B78C-72776A73BB68}.Release|x64.ActiveCfg = Release|Any CPU
		{DA2DFC94-7A18-460C-B78C-72776A73BB68}.Release|x64.Build.0 = Release|Any CPU
		{DA2DFC94-7A18-460C-B78C-72776A73BB68}.Release|x86.ActiveCfg = Release|Any CPU
		{DA2DFC94-7A18-460C-B78C-72776A73BB68}.Release|x86.Build.0 = Release|Any CPU
		{78EA53A9-3E57-482E-B6C1-F1FF2972202D}.Debug|Any CPU.ActiveCfg = Debug|Any CPU
		{78EA53A9-3E57-482E-B6C1-F1FF2972202D}.Debug|Any CPU.Build.0 = Debug|Any CPU
		{78EA53A9-3E57-482E-B6C1-F1FF2972202D}.Debug|x64.ActiveCfg = Debug|Any CPU
		{78EA53A9-3E57-482E-B6C1-F1FF2972202D}.Debug|x64.Build.0 = Debug|Any CPU
		{78EA53A9-3E57-482E-B6C1-F1FF2972202D}.Debug|x86.ActiveCfg = Debug|Any CPU
		{78EA53A9-3E57-482E-B6C1-F1FF2972202D}.Debug|x86.Build.0 = Debug|Any CPU
		{78EA53A9-3E57-482E-B6C1-F1FF2972202D}.Release|Any CPU.ActiveCfg = Release|Any CPU
		{78EA53A9-3E57-482E-B6C1-F1FF2972202D}.Release|Any CPU.Build.0 = Release|Any CPU
		{78EA53A9-3E57-482E-B6C1-F1FF2972202D}.Release|x64.ActiveCfg = Release|Any CPU
		{78EA53A9-3E57-482E-B6C1-F1FF2972202D}.Release|x64.Build.0 = Release|Any CPU
		{78EA53A9-3E57-482E-B6C1-F1FF2972202D}.Release|x86.ActiveCfg = Release|Any CPU
		{78EA53A9-3E57-482E-B6C1-F1FF2972202D}.Release|x86.Build.0 = Release|Any CPU
		{1A0D56A9-AB21-40E5-BBB0-4BAD964AC346}.Debug|Any CPU.ActiveCfg = Debug|Any CPU
		{1A0D56A9-AB21-40E5-BBB0-4BAD964AC346}.Debug|Any CPU.Build.0 = Debug|Any CPU
		{1A0D56A9-AB21-40E5-BBB0-4BAD964AC346}.Debug|x64.ActiveCfg = Debug|Any CPU
		{1A0D56A9-AB21-40E5-BBB0-4BAD964AC346}.Debug|x64.Build.0 = Debug|Any CPU
		{1A0D56A9-AB21-40E5-BBB0-4BAD964AC346}.Debug|x86.ActiveCfg = Debug|Any CPU
		{1A0D56A9-AB21-40E5-BBB0-4BAD964AC346}.Debug|x86.Build.0 = Debug|Any CPU
		{1A0D56A9-AB21-40E5-BBB0-4BAD964AC346}.Release|Any CPU.ActiveCfg = Release|Any CPU
		{1A0D56A9-AB21-40E5-BBB0-4BAD964AC346}.Release|Any CPU.Build.0 = Release|Any CPU
		{1A0D56A9-AB21-40E5-BBB0-4BAD964AC346}.Release|x64.ActiveCfg = Release|Any CPU
		{1A0D56A9-AB21-40E5-BBB0-4BAD964AC346}.Release|x64.Build.0 = Release|Any CPU
		{1A0D56A9-AB21-40E5-BBB0-4BAD964AC346}.Release|x86.ActiveCfg = Release|Any CPU
		{1A0D56A9-AB21-40E5-BBB0-4BAD964AC346}.Release|x86.Build.0 = Release|Any CPU
		{6720237F-8CCD-4867-94D7-4CCF024CED0C}.Debug|Any CPU.ActiveCfg = Debug|Any CPU
		{6720237F-8CCD-4867-94D7-4CCF024CED0C}.Debug|Any CPU.Build.0 = Debug|Any CPU
		{6720237F-8CCD-4867-94D7-4CCF024CED0C}.Debug|x64.ActiveCfg = Debug|Any CPU
		{6720237F-8CCD-4867-94D7-4CCF024CED0C}.Debug|x64.Build.0 = Debug|Any CPU
		{6720237F-8CCD-4867-94D7-4CCF024CED0C}.Debug|x86.ActiveCfg = Debug|Any CPU
		{6720237F-8CCD-4867-94D7-4CCF024CED0C}.Debug|x86.Build.0 = Debug|Any CPU
		{6720237F-8CCD-4867-94D7-4CCF024CED0C}.Release|Any CPU.ActiveCfg = Release|Any CPU
		{6720237F-8CCD-4867-94D7-4CCF024CED0C}.Release|Any CPU.Build.0 = Release|Any CPU
		{6720237F-8CCD-4867-94D7-4CCF024CED0C}.Release|x64.ActiveCfg = Release|Any CPU
		{6720237F-8CCD-4867-94D7-4CCF024CED0C}.Release|x64.Build.0 = Release|Any CPU
		{6720237F-8CCD-4867-94D7-4CCF024CED0C}.Release|x86.ActiveCfg = Release|Any CPU
		{6720237F-8CCD-4867-94D7-4CCF024CED0C}.Release|x86.Build.0 = Release|Any CPU
		{89B4D1D6-F485-486A-A33C-887F7D62E729}.Debug|Any CPU.ActiveCfg = Debug|Any CPU
		{89B4D1D6-F485-486A-A33C-887F7D62E729}.Debug|Any CPU.Build.0 = Debug|Any CPU
		{89B4D1D6-F485-486A-A33C-887F7D62E729}.Debug|x64.ActiveCfg = Debug|Any CPU
		{89B4D1D6-F485-486A-A33C-887F7D62E729}.Debug|x64.Build.0 = Debug|Any CPU
		{89B4D1D6-F485-486A-A33C-887F7D62E729}.Debug|x86.ActiveCfg = Debug|Any CPU
		{89B4D1D6-F485-486A-A33C-887F7D62E729}.Debug|x86.Build.0 = Debug|Any CPU
		{89B4D1D6-F485-486A-A33C-887F7D62E729}.Release|Any CPU.ActiveCfg = Release|Any CPU
		{89B4D1D6-F485-486A-A33C-887F7D62E729}.Release|Any CPU.Build.0 = Release|Any CPU
		{89B4D1D6-F485-486A-A33C-887F7D62E729}.Release|x64.ActiveCfg = Release|Any CPU
		{89B4D1D6-F485-486A-A33C-887F7D62E729}.Release|x64.Build.0 = Release|Any CPU
		{89B4D1D6-F485-486A-A33C-887F7D62E729}.Release|x86.ActiveCfg = Release|Any CPU
		{89B4D1D6-F485-486A-A33C-887F7D62E729}.Release|x86.Build.0 = Release|Any CPU
		{6FB2B0E8-C014-4292-8F91-2E5813C08FCD}.Debug|Any CPU.ActiveCfg = Debug|Any CPU
		{6FB2B0E8-C014-4292-8F91-2E5813C08FCD}.Debug|Any CPU.Build.0 = Debug|Any CPU
		{6FB2B0E8-C014-4292-8F91-2E5813C08FCD}.Debug|x64.ActiveCfg = Debug|Any CPU
		{6FB2B0E8-C014-4292-8F91-2E5813C08FCD}.Debug|x64.Build.0 = Debug|Any CPU
		{6FB2B0E8-C014-4292-8F91-2E5813C08FCD}.Debug|x86.ActiveCfg = Debug|Any CPU
		{6FB2B0E8-C014-4292-8F91-2E5813C08FCD}.Debug|x86.Build.0 = Debug|Any CPU
		{6FB2B0E8-C014-4292-8F91-2E5813C08FCD}.Release|Any CPU.ActiveCfg = Release|Any CPU
		{6FB2B0E8-C014-4292-8F91-2E5813C08FCD}.Release|Any CPU.Build.0 = Release|Any CPU
		{6FB2B0E8-C014-4292-8F91-2E5813C08FCD}.Release|x64.ActiveCfg = Release|Any CPU
		{6FB2B0E8-C014-4292-8F91-2E5813C08FCD}.Release|x64.Build.0 = Release|Any CPU
		{6FB2B0E8-C014-4292-8F91-2E5813C08FCD}.Release|x86.ActiveCfg = Release|Any CPU
		{6FB2B0E8-C014-4292-8F91-2E5813C08FCD}.Release|x86.Build.0 = Release|Any CPU
		{B6421A4E-748C-497D-BE3F-1634736D2755}.Debug|Any CPU.ActiveCfg = Debug|Any CPU
		{B6421A4E-748C-497D-BE3F-1634736D2755}.Debug|Any CPU.Build.0 = Debug|Any CPU
		{B6421A4E-748C-497D-BE3F-1634736D2755}.Debug|x64.ActiveCfg = Debug|Any CPU
		{B6421A4E-748C-497D-BE3F-1634736D2755}.Debug|x64.Build.0 = Debug|Any CPU
		{B6421A4E-748C-497D-BE3F-1634736D2755}.Debug|x86.ActiveCfg = Debug|Any CPU
		{B6421A4E-748C-497D-BE3F-1634736D2755}.Debug|x86.Build.0 = Debug|Any CPU
		{B6421A4E-748C-497D-BE3F-1634736D2755}.Release|Any CPU.ActiveCfg = Release|Any CPU
		{B6421A4E-748C-497D-BE3F-1634736D2755}.Release|Any CPU.Build.0 = Release|Any CPU
		{B6421A4E-748C-497D-BE3F-1634736D2755}.Release|x64.ActiveCfg = Release|Any CPU
		{B6421A4E-748C-497D-BE3F-1634736D2755}.Release|x64.Build.0 = Release|Any CPU
		{B6421A4E-748C-497D-BE3F-1634736D2755}.Release|x86.ActiveCfg = Release|Any CPU
		{B6421A4E-748C-497D-BE3F-1634736D2755}.Release|x86.Build.0 = Release|Any CPU
	EndGlobalSection
	GlobalSection(SolutionProperties) = preSolution
		HideSolutionNode = FALSE
	EndGlobalSection
	GlobalSection(NestedProjects) = preSolution
		{DA2DFC94-7A18-460C-B78C-72776A73BB68} = {827E0CD3-B72D-47B6-A68D-7590B98EB39B}
		{78EA53A9-3E57-482E-B6C1-F1FF2972202D} = {827E0CD3-B72D-47B6-A68D-7590B98EB39B}
		{1A0D56A9-AB21-40E5-BBB0-4BAD964AC346} = {827E0CD3-B72D-47B6-A68D-7590B98EB39B}
		{EC447DCF-ABFA-6E24-52A5-D7FD48A5C558} = {827E0CD3-B72D-47B6-A68D-7590B98EB39B}
		{A8ADC900-46D5-EF7A-14D7-87DF405217BF} = {EC447DCF-ABFA-6E24-52A5-D7FD48A5C558}
		{B114EAA2-7425-11FD-D1B8-3C745FCB44BC} = {A8ADC900-46D5-EF7A-14D7-87DF405217BF}
		{6720237F-8CCD-4867-94D7-4CCF024CED0C} = {B114EAA2-7425-11FD-D1B8-3C745FCB44BC}
		{89B4D1D6-F485-486A-A33C-887F7D62E729} = {B114EAA2-7425-11FD-D1B8-3C745FCB44BC}
		{6FB2B0E8-C014-4292-8F91-2E5813C08FCD} = {B114EAA2-7425-11FD-D1B8-3C745FCB44BC}
		{B6421A4E-748C-497D-BE3F-1634736D2755} = {B114EAA2-7425-11FD-D1B8-3C745FCB44BC}
	EndGlobalSection
EndGlobal
